
Microsoft Visual Studio Solution File, Format Version 12.00
# Visual Studio Version 16
VisualStudioVersion = 16.0.33927.289
MinimumVisualStudioVersion = 10.0.40219.1
Project("{FAE04EC0-301F-11D3-BF4B-00C04F79EFBC}") = "Laboratorio1", "Laboratorio1\Laboratorio1.csproj", "{BEC27F28-83D6-42E3-AA7E-188A85883D5D}"
EndProject
Project("{FAE04EC0-301F-11D3-BF4B-00C04F79EFBC}") = "Laboratorio1.Tests", "Laboratorio1.Tests\Laboratorio1.Tests.csproj", "{4866CF31-C4BF-4275-B927-5077EC85FFF7}"
EndProject
Global
	GlobalSection(SolutionConfigurationPlatforms) = preSolution
		Debug|Any CPU = Debug|Any CPU
		Release|Any CPU = Release|Any CPU
	EndGlobalSection
	GlobalSection(ProjectConfigurationPlatforms) = postSolution
		{BEC27F28-83D6-42E3-AA7E-188A85883D5D}.Debug|Any CPU.ActiveCfg = Debug|Any CPU
		{BEC27F28-83D6-42E3-AA7E-188A85883D5D}.Debug|Any CPU.Build.0 = Debug|Any CPU
		{BEC27F28-83D6-42E3-AA7E-188A85883D5D}.Release|Any CPU.ActiveCfg = Release|Any CPU
		{BEC27F28-83D6-42E3-AA7E-188A85883D5D}.Release|Any CPU.Build.0 = Release|Any CPU
		{4866CF31-C4BF-4275-B927-5077EC85FFF7}.Debug|Any CPU.ActiveCfg = Debug|Any CPU
		{4866CF31-C4BF-4275-B927-5077EC85FFF7}.Debug|Any CPU.Build.0 = Debug|Any CPU
		{4866CF31-C4BF-4275-B927-5077EC85FFF7}.Release|Any CPU.ActiveCfg = Release|Any CPU
		{4866CF31-C4BF-4275-B927-5077EC85FFF7}.Release|Any CPU.Build.0 = Release|Any CPU
	EndGlobalSection
	GlobalSection(SolutionProperties) = preSolution
		HideSolutionNode = FALSE
	EndGlobalSection
	GlobalSection(ExtensibilityGlobals) = postSolution
		SolutionGuid = {4470115A-DC1E-42AB-BCFA-D0701B17A24E}
	EndGlobalSection
EndGlobal
